{
  "version": 2,
  "dependencies": {
    "net10.0": {
      "Amazon.Lambda.SQSEvents": {
        "type": "Direct",
        "requested": "[3.0.1, )",
        "resolved": "3.0.1",
        "contentHash": "57cPCJQIDLYzKHXsK6hXZUFH+Ra6JpNXXlyjP/O/hvjBmhRud7EPt4IBgowW8P6s1wqoS+9txmi+iuLwhZ7I4A=="
      },
      "AWSSDK.DynamoDBv2": {
        "type": "Direct",
        "requested": "[4.0.103.3, )",
        "resolved": "4.0.103.3",
        "contentHash": "VSDAka/4hlIqfMF/AhLVO3ApCPOXFDsnkhnV0arOMJ2eDVc8j7FE32wxqXP1/MaANE0pzKkscgCNM29gXNb4Yg==",
        "dependencies": {
          "AWSSDK.Core": "[4.0.101.1, 5.0.0)"
        }
      },
      "AWSSDK.Core": {
        "type": "Transitive",
        "resolved": "4.0.101.1",
        "contentHash": "NtMRfAGDrdb5PVnTL4vIrnPuPSXbBw0j9+voVMYmgsH5Ep5H4tuNMkPJZCOO9q99mh0L9ClOwVkQHCliR5uOLA=="
      },
      "Microsoft.Extensions.DependencyInjection.Abstractions": {
        "type": "Transitive",
        "resolved": "10.0.11",
        "contentHash": "/a1aJz4m7ylhEDf25ugQChLQoN5XwoGjWw/BoR/ZWWKsO1v4DdJElS1uyngahz4B/eOzjFk1KNTkarRLE5wsIg=="
      },
      "reliableorders.core": {
        "type": "Project",
        "dependencies": {
          "Microsoft.Extensions.Logging.Abstractions": "[10.0.11, )"
        }
      },
      "Microsoft.Extensions.Logging.Abstractions": {
        "type": "CentralTransitive",
        "requested": "[10.0.11, )",
        "resolved": "10.0.11",
        "contentHash": "Ljd0Uxoq5XpScD2Bg0nM/r3mwx7Ao5Uq24eo2ARxbGvqJ7Zht6rt2cJtwVRH4Cv+1ZVMdXz6TB43KbpmsxRrvQ==",
        "dependencies": {
          "Microsoft.Extensions.DependencyInjection.Abstractions": "10.0.11"
        }
      }
    }
  }
}